
Microsoft Visual Studio Solution File, Format Version 12.00
# Visual Studio Version 16
VisualStudioVersion = 16.0.32602.291
MinimumVisualStudioVersion = 10.0.40219.1
Project("{9092AA53-FB77-4645-B42D-1CCCA6BD08BD}") = "Job Task", "Job Task\Job Task.njsproj", "{E4D98A0E-9EEB-4E21-9A21-79B2341E4374}"
EndProject
Global
	GlobalSection(SolutionConfigurationPlatforms) = preSolution
		Debug|Any CPU = Debug|Any CPU
		Release|Any CPU = Release|Any CPU
	EndGlobalSection
	GlobalSection(ProjectConfigurationPlatforms) = postSolution
		{E4D98A0E-9EEB-4E21-9A21-79B2341E4374}.Debug|Any CPU.ActiveCfg = Debug|Any CPU
		{E4D98A0E-9EEB-4E21-9A21-79B2341E4374}.Debug|Any CPU.Build.0 = Debug|Any CPU
		{E4D98A0E-9EEB-4E21-9A21-79B2341E4374}.Release|Any CPU.ActiveCfg = Release|Any CPU
		{E4D98A0E-9EEB-4E21-9A21-79B2341E4374}.Release|Any CPU.Build.0 = Release|Any CPU
	EndGlobalSection
	GlobalSection(SolutionProperties) = preSolution
		HideSolutionNode = FALSE
	EndGlobalSection
	GlobalSection(ExtensibilityGlobals) = postSolution
		SolutionGuid = {FFF8D597-6971-494F-94EF-17855C805A23}
	EndGlobalSection
EndGlobal
